
Microsoft Visual Studio Solution File, Format Version 12.00
# Visual Studio Version 17
VisualStudioVersion = 17.12.35527.113 d17.12
MinimumVisualStudioVersion = 10.0.40219.1
Project("{FAE04EC0-301F-11D3-BF4B-00C04F79EFBC}") = "CodeVault.API", "CodeVault.API\CodeVault.API.csproj", "{F205B606-1EBF-4ED2-9FD4-34867F983056}"
EndProject
Project("{FAE04EC0-301F-11D3-BF4B-00C04F79EFBC}") = "CodeVault.Domain", "CodeVault.Domain\CodeVault.Domain.csproj", "{F4FFD620-7BCE-4DF1-9CFF-693C5F3E0EDB}"
EndProject
Project("{FAE04EC0-301F-11D3-BF4B-00C04F79EFBC}") = "CodeVault.Database", "CodeVault.Database\CodeVault.Database.csproj", "{6506A737-29AB-4E6F-98B4-E6CBF83C7BCF}"
EndProject
Global
	GlobalSection(SolutionConfigurationPlatforms) = preSolution
		Debug|Any CPU = Debug|Any CPU
		Release|Any CPU = Release|Any CPU
	EndGlobalSection
	GlobalSection(ProjectConfigurationPlatforms) = postSolution
		{F205B606-1EBF-4ED2-9FD4-34867F983056}.Debug|Any CPU.ActiveCfg = Debug|Any CPU
		{F205B606-1EBF-4ED2-9FD4-34867F983056}.Debug|Any CPU.Build.0 = Debug|Any CPU
		{F205B606-1EBF-4ED2-9FD4-34867F983056}.Release|Any CPU.ActiveCfg = Release|Any CPU
		{F205B606-1EBF-4ED2-9FD4-34867F983056}.Release|Any CPU.Build.0 = Release|Any CPU
		{F4FFD620-7BCE-4DF1-9CFF-693C5F3E0EDB}.Debug|Any CPU.ActiveCfg = Debug|Any CPU
		{F4FFD620-7BCE-4DF1-9CFF-693C5F3E0EDB}.Debug|Any CPU.Build.0 = Debug|Any CPU
		{F4FFD620-7BCE-4DF1-9CFF-693C5F3E0EDB}.Release|Any CPU.ActiveCfg = Release|Any CPU
		{F4FFD620-7BCE-4DF1-9CFF-693C5F3E0EDB}.Release|Any CPU.Build.0 = Release|Any CPU
		{6506A737-29AB-4E6F-98B4-E6CBF83C7BCF}.Debug|Any CPU.ActiveCfg = Debug|Any CPU
		{6506A737-29AB-4E6F-98B4-E6CBF83C7BCF}.Debug|Any CPU.Build.0 = Debug|Any CPU
		{6506A737-29AB-4E6F-98B4-E6CBF83C7BCF}.Release|Any CPU.ActiveCfg = Release|Any CPU
		{6506A737-29AB-4E6F-98B4-E6CBF83C7BCF}.Release|Any CPU.Build.0 = Release|Any CPU
	EndGlobalSection
	GlobalSection(SolutionProperties) = preSolution
		HideSolutionNode = FALSE
	EndGlobalSection
EndGlobal
